// !$*UTF8*$!
{
	archiveVersion = 1;
	classes = {
	};
	objectVersion = 50;
	objects = {

/* Begin PBXBuildFile section */
		43AA05B623A1EF6C000BC6B0 /* AppDelegate.swift in Sources */ = {isa = PBXBuildFile; fileRef = 43AA05B523A1EF6C000BC6B0 /* AppDelegate.swift */; };
		43AA05B823A1EF6C000BC6B0 /* SceneDelegate.swift in Sources */ = {isa = PBXBuildFile; fileRef = 43AA05B723A1EF6C000BC6B0 /* SceneDelegate.swift */; };
		43AA05BB23A1EF6C000BC6B0 /* starterios.xcdatamodeld in Sources */ = {isa = PBXBuildFile; fileRef = 43AA05B923A1EF6C000BC6B0 /* starterios.xcdatamodeld */; };
		43AA05BD23A1EF6C000BC6B0 /* ContentView.swift in Sources */ = {isa = PBXBuildFile; fileRef = 43AA05BC23A1EF6C000BC6B0 /* ContentView.swift */; };
		43AA05BF23A1EF6E000BC6B0 /* Assets.xcassets in Resources */ = {isa = PBXBuildFile; fileRef = 43AA05BE23A1EF6E000BC6B0 /* Assets.xcassets */; };
		43AA05C223A1EF6E000BC6B0 /* Preview Assets.xcassets in Resources */ = {isa = PBXBuildFile; fileRef = 43AA05C123A1EF6E000BC6B0 /* Preview Assets.xcassets */; };
		43AA05C523A1EF6E000BC6B0 /* LaunchScreen.storyboard in Resources */ = {isa = PBXBuildFile; fileRef = 43AA05C323A1EF6E000BC6B0 /* LaunchScreen.storyboard */; };
		43AA05D023A1EF6E000BC6B0 /* starteriosTests.swift in Sources */ = {isa = PBXBuildFile; fileRef = 43AA05CF23A1EF6E000BC6B0 /* starteriosTests.swift */; };
		43AA05DB23A1EF6E000BC6B0 /* starteriosUITests.swift in Sources */ = {isa = PBXBuildFile; fileRef = 43AA05DA23A1EF6E000BC6B0 /* starteriosUITests.swift */; };
/* End PBXBuildFile section */

/* Begin PBXContainerItemProxy section */
		43AA05CC23A1EF6E000BC6B0 /* PBXContainerItemProxy */ = {
			isa = PBXContainerItemProxy;
			containerPortal = 43AA05AA23A1EF6C000BC6B0 /* Project object */;
			proxyType = 1;
			remoteGlobalIDString = 43AA05B123A1EF6C000BC6B0;
			remoteInfo = starterios;
		};
		43AA05D723A1EF6E000BC6B0 /* PBXContainerItemProxy */ = {
			isa = PBXContainerItemProxy;
			containerPortal = 43AA05AA23A1EF6C000BC6B0 /* Project object */;
			proxyType = 1;
			remoteGlobalIDString = 43AA05B123A1EF6C000BC6B0;
			remoteInfo = starterios;
		};
/* End PBXContainerItemProxy section */

/* Begin PBXFileReference section */
		43AA05B223A1EF6C000BC6B0 /* starterios.app */ = {isa = PBXFileReference; explicitFileType = wrapper.application; includeInIndex = 0; path = starterios.app; sourceTree = BUILT_PRODUCTS_DIR; };
		43AA05B523A1EF6C000BC6B0 /* AppDelegate.swift */ = {isa = PBXFileReference; lastKnownFileType = sourcecode.swift; path = AppDelegate.swift; sourceTree = "<group>"; };
		43AA05B723A1EF6C000BC6B0 /* SceneDelegate.swift */ = {isa = PBXFileReference; lastKnownFileType = sourcecode.swift; path = SceneDelegate.swift; sourceTree = "<group>"; };
		43AA05BA23A1EF6C000BC6B0 /* starterios.xcdatamodel */ = {isa = PBXFileReference; lastKnownFileType = wrapper.xcdatamodel; path = starterios.xcdatamodel; sourceTree = "<group>"; };
		43AA05BC23A1EF6C000BC6B0 /* ContentView.swift */ = {isa = PBXFileReference; lastKnownFileType = sourcecode.swift; path = ContentView.swift; sourceTree = "<group>"; };
		43AA05BE23A1EF6E000BC6B0 /* Assets.xcassets */ = {isa = PBXFileReference; lastKnownFileType = folder.assetcatalog; path = Assets.xcassets; sourceTree = "<group>"; };
		43AA05C123A1EF6E000BC6B0 /* Preview Assets.xcassets */ = {isa = PBXFileReference; lastKnownFileType = folder.assetcatalog; path = "Preview Assets.xcassets"; sourceTree = "<group>"; };
		43AA05C423A1EF6E000BC6B0 /* Base */ = {isa = PBXFileReference; lastKnownFileType = file.storyboard; name = Base; path = Base.lproj/LaunchScreen.storyboard; sourceTree = "<group>"; };
		43AA05C623A1EF6E000BC6B0 /* Info.plist */ = {isa = PBXFileReference; lastKnownFileType = text.plist.xml; path = Info.plist; sourceTree = "<group>"; };
		43AA05CB23A1EF6E000BC6B0 /* starteriosTests.xctest */ = {isa = PBXFileReference; explicitFileType = wrapper.cfbundle; includeInIndex = 0; path = starteriosTests.xctest; sourceTree = BUILT_PRODUCTS_DIR; };
		43AA05CF23A1EF6E000BC6B0 /* starteriosTests.swift */ = {isa = PBXFileReference; lastKnownFileType = sourcecode.swift; path = starteriosTests.swift; sourceTree = "<group>"; };
		43AA05D123A1EF6E000BC6B0 /* Info.plist */ = {isa = PBXFileReference; lastKnownFileType = text.plist.xml; path = Info.plist; sourceTree = "<group>"; };
		43AA05D623A1EF6E000BC6B0 /* starteriosUITests.xctest */ = {isa = PBXFileReference; explicitFileType = wrapper.cfbundle; includeInIndex = 0; path = starteriosUITests.xctest; sourceTree = BUILT_PRODUCTS_DIR; };
		43AA05DA23A1EF6E000BC6B0 /* starteriosUITests.swift */ = {isa = PBXFileReference; lastKnownFileType = sourcecode.swift; path = starteriosUITests.swift; sourceTree = "<group>"; };
		43AA05DC23A1EF6E000BC6B0 /* Info.plist */ = {isa = PBXFileReference; lastKnownFileType = text.plist.xml; path = Info.plist; sourceTree = "<group>"; };
/* End PBXFileReference section */

/* Begin PBXFrameworksBuildPhase section */
		43AA05AF23A1EF6C000BC6B0 /* Frameworks */ = {
			isa = PBXFrameworksBuildPhase;
			buildActionMask = 2147483647;
			files = (
			);
			runOnlyForDeploymentPostprocessing = 0;
		};
		43AA05C823A1EF6E000BC6B0 /* Frameworks */ = {
			isa = PBXFrameworksBuildPhase;
			buildActionMask = 2147483647;
			files = (
			);
			runOnlyForDeploymentPostprocessing = 0;
		};
		43AA05D323A1EF6E000BC6B0 /* Frameworks */ = {
			isa = PBXFrameworksBuildPhase;
			buildActionMask = 2147483647;
			files = (
			);
			runOnlyForDeploymentPostprocessing = 0;
		};
/* End PBXFrameworksBuildPhase section */

/* Begin PBXGroup section */
		43AA05A923A1EF6C000BC6B0 = {
			isa = PBXGroup;
			children = (
				43AA05B423A1EF6C000BC6B0 /* starterios */,
				43AA05CE23A1EF6E000BC6B0 /* starteriosTests */,
				43AA05D923A1EF6E000BC6B0 /* starteriosUITests */,
				43AA05B323A1EF6C000BC6B0 /* Products */,
			);
			sourceTree = "<group>";
		};
		43AA05B323A1EF6C000BC6B0 /* Products */ = {
			isa = PBXGroup;
			children = (
				43AA05B223A1EF6C000BC6B0 /* starterios.app */,
				43AA05CB23A1EF6E000BC6B0 /* starteriosTests.xctest */,
				43AA05D623A1EF6E000BC6B0 /* starteriosUITests.xctest */,
			);
			name = Products;
			sourceTree = "<group>";
		};
		43AA05B423A1EF6C000BC6B0 /* starterios */ = {
			isa = PBXGroup;
			children = (
				43AA05B523A1EF6C000BC6B0 /* AppDelegate.swift */,
				43AA05B723A1EF6C000BC6B0 /* SceneDelegate.swift */,
				43AA05BC23A1EF6C000BC6B0 /* ContentView.swift */,
				43AA05BE23A1EF6E000BC6B0 /* Assets.xcassets */,
				43AA05C323A1EF6E000BC6B0 /* LaunchScreen.storyboard */,
				43AA05C623A1EF6E000BC6B0 /* Info.plist */,
				43AA05B923A1EF6C000BC6B0 /* starterios.xcdatamodeld */,
				43AA05C023A1EF6E000BC6B0 /* Preview Content */,
			);
			path = starterios;
			sourceTree = "<group>";
		};
		43AA05C023A1EF6E000BC6B0 /* Preview Content */ = {
			isa = PBXGroup;
			children = (
				43AA05C123A1EF6E000BC6B0 /* Preview Assets.xcassets */,
			);
			path = "Preview Content";
			sourceTree = "<group>";
		};
		43AA05CE23A1EF6E000BC6B0 /* starteriosTests */ = {
			isa = PBXGroup;
			children = (
				43AA05CF23A1EF6E000BC6B0 /* starteriosTests.swift */,
				43AA05D123A1EF6E000BC6B0 /* Info.plist */,
			);
			path = starteriosTests;
			sourceTree = "<group>";
		};
		43AA05D923A1EF6E000BC6B0 /* starteriosUITests */ = {
			isa = PBXGroup;
			children = (
				43AA05DA23A1EF6E000BC6B0 /* starteriosUITests.swift */,
				43AA05DC23A1EF6E000BC6B0 /* Info.plist */,
			);
			path = starteriosUITests;
			sourceTree = "<group>";
		};
/* End PBXGroup section */

/* Begin PBXNativeTarget section */
		43AA05B123A1EF6C000BC6B0 /* starterios */ = {
			isa = PBXNativeTarget;
			buildConfigurationList = 43AA05DF23A1EF6E000BC6B0 /* Build configuration list for PBXNativeTarget "starterios" */;
			buildPhases = (
				43AA05AE23A1EF6C000BC6B0 /* Sources */,
				43AA05AF23A1EF6C000BC6B0 /* Frameworks */,
				43AA05B023A1EF6C000BC6B0 /* Resources */,
			);
			buildRules = (
			);
			dependencies = (
			);
			name = starterios;
			productName = starterios;
			productReference = 43AA05B223A1EF6C000BC6B0 /* starterios.app */;
			productType = "com.apple.product-type.application";
		};
		43AA05CA23A1EF6E000BC6B0 /* starteriosTests */ = {
			isa = PBXNativeTarget;
			buildConfigurationList = 43AA05E223A1EF6E000BC6B0 /* Build configuration list for PBXNativeTarget "starteriosTests" */;
			buildPhases = (
				43AA05C723A1EF6E000BC6B0 /* Sources */,
				43AA05C823A1EF6E000BC6B0 /* Frameworks */,
				43AA05C923A1EF6E000BC6B0 /* Resources */,
			);
			buildRules = (
			);
			dependencies = (
				43AA05CD23A1EF6E000BC6B0 /* PBXTargetDependency */,
			);
			name = starteriosTests;
			productName = starteriosTests;
			productReference = 43AA05CB23A1EF6E000BC6B0 /* starteriosTests.xctest */;
			productType = "com.apple.product-type.bundle.unit-test";
		};
		43AA05D523A1EF6E000BC6B0 /* starteriosUITests */ = {
			isa = PBXNativeTarget;
			buildConfigurationList = 43AA05E523A1EF6E000BC6B0 /* Build configuration list for PBXNativeTarget "starteriosUITests" */;
			buildPhases = (
				43AA05D223A1EF6E000BC6B0 /* Sources */,
				43AA05D323A1EF6E000BC6B0 /* Frameworks */,
				43AA05D423A1EF6E000BC6B0 /* Resources */,
			);
			buildRules = (
			);
			dependencies = (
				43AA05D823A1EF6E000BC6B0 /* PBXTargetDependency */,
			);
			name = starteriosUITests;
			productName = starteriosUITests;
			productReference = 43AA05D623A1EF6E000BC6B0 /* starteriosUITests.xctest */;
			productType = "com.apple.product-type.bundle.ui-testing";
		};
/* End PBXNativeTarget section */

/* Begin PBXProject section */
		43AA05AA23A1EF6C000BC6B0 /* Project object */ = {
			isa = PBXProject;
			attributes = {
				LastSwiftUpdateCheck = 1120;
				LastUpgradeCheck = 1120;
				ORGANIZATIONNAME = "Ruaan Erasmus";
				TargetAttributes = {
					43AA05B123A1EF6C000BC6B0 = {
						CreatedOnToolsVersion = 11.2.1;
					};
					43AA05CA23A1EF6E000BC6B0 = {
						CreatedOnToolsVersion = 11.2.1;
						TestTargetID = 43AA05B123A1EF6C000BC6B0;
					};
					43AA05D523A1EF6E000BC6B0 = {
						CreatedOnToolsVersion = 11.2.1;
						TestTargetID = 43AA05B123A1EF6C000BC6B0;
					};
				};
			};
			buildConfigurationList = 43AA05AD23A1EF6C000BC6B0 /* Build configuration list for PBXProject "starterios" */;
			compatibilityVersion = "Xcode 9.3";
			developmentRegion = en;
			hasScannedForEncodings = 0;
			knownRegions = (
				en,
				Base,
			);
			mainGroup = 43AA05A923A1EF6C000BC6B0;
			productRefGroup = 43AA05B323A1EF6C000BC6B0 /* Products */;
			projectDirPath = "";
			projectRoot = "";
			targets = (
				43AA05B123A1EF6C000BC6B0 /* starterios */,
				43AA05CA23A1EF6E000BC6B0 /* starteriosTests */,
				43AA05D523A1EF6E000BC6B0 /* starteriosUITests */,
			);
		};
/* End PBXProject section */

/* Begin PBXResourcesBuildPhase section */
		43AA05B023A1EF6C000BC6B0 /* Resources */ = {
			isa = PBXResourcesBuildPhase;
			buildActionMask = 2147483647;
			files = (
				43AA05C523A1EF6E000BC6B0 /* LaunchScreen.storyboard in Resources */,
				43AA05C223A1EF6E000BC6B0 /* Preview Assets.xcassets in Resources */,
				43AA05BF23A1EF6E000BC6B0 /* Assets.xcassets in Resources */,
			);
			runOnlyForDeploymentPostprocessing = 0;
		};
		43AA05C923A1EF6E000BC6B0 /* Resources */ = {
			isa = PBXResourcesBuildPhase;
			buildActionMask = 2147483647;
			files = (
			);
			runOnlyForDeploymentPostprocessing = 0;
		};
		43AA05D423A1EF6E000BC6B0 /* Resources */ = {
			isa = PBXResourcesBuildPhase;
			buildActionMask = 2147483647;
			files = (
			);
			runOnlyForDeploymentPostprocessing = 0;
		};
/* End PBXResourcesBuildPhase section */

/* Begin PBXSourcesBuildPhase section */
		43AA05AE23A1EF6C000BC6B0 /* Sources */ = {
			isa = PBXSourcesBuildPhase;
			buildActionMask = 2147483647;
			files = (
				43AA05B623A1EF6C000BC6B0 /* AppDelegate.swift in Sources */,
				43AA05B823A1EF6C000BC6B0 /* SceneDelegate.swift in Sources */,
				43AA05BD23A1EF6C000BC6B0 /* ContentView.swift in Sources */,
				43AA05BB23A1EF6C000BC6B0 /* starterios.xcdatamodeld in Sources */,
			);
			runOnlyForDeploymentPostprocessing = 0;
		};
		43AA05C723A1EF6E000BC6B0 /* Sources */ = {
			isa = PBXSourcesBuildPhase;
			buildActionMask = 2147483647;
			files = (
				43AA05D023A1EF6E000BC6B0 /* starteriosTests.swift in Sources */,
			);
			runOnlyForDeploymentPostprocessing = 0;
		};
		43AA05D223A1EF6E000BC6B0 /* Sources */ = {
			isa = PBXSourcesBuildPhase;
			buildActionMask = 2147483647;
			files = (
				43AA05DB23A1EF6E000BC6B0 /* starteriosUITests.swift in Sources */,
			);
			runOnlyForDeploymentPostprocessing = 0;
		};
/* End PBXSourcesBuildPhase section */

/* Begin PBXTargetDependency section */
		43AA05CD23A1EF6E000BC6B0 /* PBXTargetDependency */ = {
			isa = PBXTargetDependency;
			target = 43AA05B123A1EF6C000BC6B0 /* starterios */;
			targetProxy = 43AA05CC23A1EF6E000BC6B0 /* PBXContainerItemProxy */;
		};
		43AA05D823A1EF6E000BC6B0 /* PBXTargetDependency */ = {
			isa = PBXTargetDependency;
			target = 43AA05B123A1EF6C000BC6B0 /* starterios */;
			targetProxy = 43AA05D723A1EF6E000BC6B0 /* PBXContainerItemProxy */;
		};
/* End PBXTargetDependency section */

/* Begin PBXVariantGroup section */
		43AA05C323A1EF6E000BC6B0 /* LaunchScreen.storyboard */ = {
			isa = PBXVariantGroup;
			children = (
				43AA05C423A1EF6E000BC6B0 /* Base */,
			);
			name = LaunchScreen.storyboard;
			sourceTree = "<group>";
		};
/* End PBXVariantGroup section */

/* Begin XCBuildConfiguration section */
		43AA05DD23A1EF6E000BC6B0 /* Debug */ = {
			isa = XCBuildConfiguration;
			buildSettings = {
				ALWAYS_SEARCH_USER_PATHS = NO;
				CLANG_ANALYZER_NONNULL = YES;
				CLANG_ANALYZER_NUMBER_OBJECT_CONVERSION = YES_AGGRESSIVE;
				CLANG_CXX_LANGUAGE_STANDARD = "gnu++14";
				CLANG_CXX_LIBRARY = "libc++";
				CLANG_ENABLE_MODULES = YES;
				CLANG_ENABLE_OBJC_ARC = YES;
				CLANG_ENABLE_OBJC_WEAK = YES;
				CLANG_WARN_BLOCK_CAPTURE_AUTORELEASING = YES;
				CLANG_WARN_BOOL_CONVERSION = YES;
				CLANG_WARN_COMMA = YES;
				CLANG_WARN_CONSTANT_CONVERSION = YES;
				CLANG_WARN_DEPRECATED_OBJC_IMPLEMENTATIONS = YES;
				CLANG_WARN_DIRECT_OBJC_ISA_USAGE = YES_ERROR;
				CLANG_WARN_DOCUMENTATION_COMMENTS = YES;
				CLANG_WARN_EMPTY_BODY = YES;
				CLANG_WARN_ENUM_CONVERSION = YES;
				CLANG_WARN_INFINITE_RECURSION = YES;
				CLANG_WARN_INT_CONVERSION = YES;
				CLANG_WARN_NON_LITERAL_NULL_CONVERSION = YES;
				CLANG_WARN_OBJC_IMPLICIT_RETAIN_SELF = YES;
				CLANG_WARN_OBJC_LITERAL_CONVERSION = YES;
				CLANG_WARN_OBJC_ROOT_CLASS = YES_ERROR;
				CLANG_WARN_RANGE_LOOP_ANALYSIS = YES;
				CLANG_WARN_STRICT_PROTOTYPES = YES;
				CLANG_WARN_SUSPICIOUS_MOVE = YES;
				CLANG_WARN_UNGUARDED_AVAILABILITY = YES_AGGRESSIVE;
				CLANG_WARN_UNREACHABLE_CODE = YES;
				CLANG_WARN__DUPLICATE_METHOD_MATCH = YES;
				COPY_PHASE_STRIP = NO;
				DEBUG_INFORMATION_FORMAT = dwarf;
				ENABLE_STRICT_OBJC_MSGSEND = YES;
				ENABLE_TESTABILITY = YES;
				GCC_C_LANGUAGE_STANDARD = gnu11;
				GCC_DYNAMIC_NO_PIC = NO;
				GCC_NO_COMMON_BLOCKS = YES;
				GCC_OPTIMIZATION_LEVEL = 0;
				GCC_PREPROCESSOR_DEFINITIONS = (
					"DEBUG=1",
					"$(inherited)",
				);
				GCC_WARN_64_TO_32_BIT_CONVERSION = YES;
				GCC_WARN_ABOUT_RETURN_TYPE = YES_ERROR;
				GCC_WARN_UNDECLARED_SELECTOR = YES;
				GCC_WARN_UNINITIALIZED_AUTOS = YES_AGGRESSIVE;
				GCC_WARN_UNUSED_FUNCTION = YES;
				GCC_WARN_UNUSED_VARIABLE = YES;
				IPHONEOS_DEPLOYMENT_TARGET = 13.2;
				MTL_ENABLE_DEBUG_INFO = INCLUDE_SOURCE;
				MTL_FAST_MATH = YES;
				ONLY_ACTIVE_ARCH = YES;
				SDKROOT = iphoneos;
				SWIFT_ACTIVE_COMPILATION_CONDITIONS = DEBUG;
				SWIFT_OPTIMIZATION_LEVEL = "-Onone";
			};
			name = Debug;
		};
		43AA05DE23A1EF6E000BC6B0 /* Release */ = {
			isa = XCBuildConfiguration;
			buildSettings = {
				ALWAYS_SEARCH_USER_PATHS = NO;
				CLANG_ANALYZER_NONNULL = YES;
				CLANG_ANALYZER_NUMBER_OBJECT_CONVERSION = YES_AGGRESSIVE;
				CLANG_CXX_LANGUAGE_STANDARD = "gnu++14";
				CLANG_CXX_LIBRARY = "libc++";
				CLANG_ENABLE_MODULES = YES;
				CLANG_ENABLE_OBJC_ARC = YES;
				CLANG_ENABLE_OBJC_WEAK = YES;
				CLANG_WARN_BLOCK_CAPTURE_AUTORELEASING = YES;
				CLANG_WARN_BOOL_CONVERSION = YES;
				CLANG_WARN_COMMA = YES;
				CLANG_WARN_CONSTANT_CONVERSION = YES;
				CLANG_WARN_DEPRECATED_OBJC_IMPLEMENTATIONS = YES;
				CLANG_WARN_DIRECT_OBJC_ISA_USAGE = YES_ERROR;
				CLANG_WARN_DOCUMENTATION_COMMENTS = YES;
				CLANG_WARN_EMPTY_BODY = YES;
				CLANG_WARN_ENUM_CONVERSION = YES;
				CLANG_WARN_INFINITE_RECURSION = YES;
				CLANG_WARN_INT_CONVERSION = YES;
				CLANG_WARN_NON_LITERAL_NULL_CONVERSION = YES;
				CLANG_WARN_OBJC_IMPLICIT_RETAIN_SELF = YES;
				CLANG_WARN_OBJC_LITERAL_CONVERSION = YES;
				CLANG_WARN_OBJC_ROOT_CLASS = YES_ERROR;
				CLANG_WARN_RANGE_LOOP_ANALYSIS = YES;
				CLANG_WARN_STRICT_PROTOTYPES = YES;
				CLANG_WARN_SUSPICIOUS_MOVE = YES;
				CLANG_WARN_UNGUARDED_AVAILABILITY = YES_AGGRESSIVE;
				CLANG_WARN_UNREACHABLE_CODE = YES;
				CLANG_WARN__DUPLICATE_METHOD_MATCH = YES;
				COPY_PHASE_STRIP = NO;
				DEBUG_INFORMATION_FORMAT = "dwarf-with-dsym";
				ENABLE_NS_ASSERTIONS = NO;
				ENABLE_STRICT_OBJC_MSGSEND = YES;
				GCC_C_LANGUAGE_STANDARD = gnu11;
				GCC_NO_COMMON_BLOCKS = YES;
				GCC_WARN_64_TO_32_BIT_CONVERSION = YES;
				GCC_WARN_ABOUT_RETURN_TYPE = YES_ERROR;
				GCC_WARN_UNDECLARED_SELECTOR = YES;
				GCC_WARN_UNINITIALIZED_AUTOS = YES_AGGRESSIVE;
				GCC_WARN_UNUSED_FUNCTION = YES;
				GCC_WARN_UNUSED_VARIABLE = YES;
				IPHONEOS_DEPLOYMENT_TARGET = 13.2;
				MTL_ENABLE_DEBUG_INFO = NO;
				MTL_FAST_MATH = YES;
				SDKROOT = iphoneos;
				SWIFT_COMPILATION_MODE = wholemodule;
				SWIFT_OPTIMIZATION_LEVEL = "-O";
				VALIDATE_PRODUCT = YES;
			};
			name = Release;
		};
		43AA05E023A1EF6E000BC6B0 /* Debug */ = {
			isa = XCBuildConfiguration;
			buildSettings = {
				ASSETCATALOG_COMPILER_APPICON_NAME = AppIcon;
				CODE_SIGN_STYLE = Automatic;
				DEVELOPMENT_ASSET_PATHS = "\"starterios/Preview Content\"";
				DEVELOPMENT_TEAM = 6773KY856S;
				ENABLE_PREVIEWS = YES;
				INFOPLIST_FILE = starterios/Info.plist;
				LD_RUNPATH_SEARCH_PATHS = (
					"$(inherited)",
					"@executable_path/Frameworks",
				);
				PRODUCT_BUNDLE_IDENTIFIER = com.tangentsolutions.starterios;
				PRODUCT_NAME = "$(TARGET_NAME)";
				SWIFT_VERSION = 5.0;
				TARGETED_DEVICE_FAMILY = "1,2";
			};
			name = Debug;
		};
		43AA05E123A1EF6E000BC6B0 /* Release */ = {
			isa = XCBuildConfiguration;
			buildSettings = {
				ASSETCATALOG_COMPILER_APPICON_NAME = AppIcon;
				CODE_SIGN_STYLE = Automatic;
				DEVELOPMENT_ASSET_PATHS = "\"starterios/Preview Content\"";
				DEVELOPMENT_TEAM = 6773KY856S;
				ENABLE_PREVIEWS = YES;
				INFOPLIST_FILE = starterios/Info.plist;
				LD_RUNPATH_SEARCH_PATHS = (
					"$(inherited)",
					"@executable_path/Frameworks",
				);
				PRODUCT_BUNDLE_IDENTIFIER = com.tangentsolutions.starterios;
				PRODUCT_NAME = "$(TARGET_NAME)";
				SWIFT_VERSION = 5.0;
				TARGETED_DEVICE_FAMILY = "1,2";
			};
			name = Release;
		};
		43AA05E323A1EF6E000BC6B0 /* Debug */ = {
			isa = XCBuildConfiguration;
			buildSettings = {
				ALWAYS_EMBED_SWIFT_STANDARD_LIBRARIES = YES;
				BUNDLE_LOADER = "$(TEST_HOST)";
				CODE_SIGN_STYLE = Automatic;
				DEVELOPMENT_TEAM = 6773KY856S;
				INFOPLIST_FILE = starteriosTests/Info.plist;
				IPHONEOS_DEPLOYMENT_TARGET = 13.2;
				LD_RUNPATH_SEARCH_PATHS = (
					"$(inherited)",
					"@executable_path/Frameworks",
					"@loader_path/Frameworks",
				);
				PRODUCT_BUNDLE_IDENTIFIER = com.tangentsolutions.starteriosTests;
				PRODUCT_NAME = "$(TARGET_NAME)";
				SWIFT_VERSION = 5.0;
				TARGETED_DEVICE_FAMILY = "1,2";
				TEST_HOST = "$(BUILT_PRODUCTS_DIR)/starterios.app/starterios";
			};
			name = Debug;
		};
		43AA05E423A1EF6E000BC6B0 /* Release */ = {
			isa = XCBuildConfiguration;
			buildSettings = {
				ALWAYS_EMBED_SWIFT_STANDARD_LIBRARIES = YES;
				BUNDLE_LOADER = "$(TEST_HOST)";
				CODE_SIGN_STYLE = Automatic;
				DEVELOPMENT_TEAM = 6773KY856S;
				INFOPLIST_FILE = starteriosTests/Info.plist;
				IPHONEOS_DEPLOYMENT_TARGET = 13.2;
				LD_RUNPATH_SEARCH_PATHS = (
					"$(inherited)",
					"@executable_path/Frameworks",
					"@loader_path/Frameworks",
				);
				PRODUCT_BUNDLE_IDENTIFIER = com.tangentsolutions.starteriosTests;
				PRODUCT_NAME = "$(TARGET_NAME)";
				SWIFT_VERSION = 5.0;
				TARGETED_DEVICE_FAMILY = "1,2";
				TEST_HOST = "$(BUILT_PRODUCTS_DIR)/starterios.app/starterios";
			};
			name = Release;
		};
		43AA05E623A1EF6E000BC6B0 /* Debug */ = {
			isa = XCBuildConfiguration;
			buildSettings = {
				ALWAYS_EMBED_SWIFT_STANDARD_LIBRARIES = YES;
				CODE_SIGN_STYLE = Automatic;
				DEVELOPMENT_TEAM = 6773KY856S;
				INFOPLIST_FILE = starteriosUITests/Info.plist;
				LD_RUNPATH_SEARCH_PATHS = (
					"$(inherited)",
					"@executable_path/Frameworks",
					"@loader_path/Frameworks",
				);
				PRODUCT_BUNDLE_IDENTIFIER = com.tangentsolutions.starteriosUITests;
				PRODUCT_NAME = "$(TARGET_NAME)";
				SWIFT_VERSION = 5.0;
				TARGETED_DEVICE_FAMILY = "1,2";
				TEST_TARGET_NAME = starterios;
			};
			name = Debug;
		};
		43AA05E723A1EF6E000BC6B0 /* Release */ = {
			isa = XCBuildConfiguration;
			buildSettings = {
				ALWAYS_EMBED_SWIFT_STANDARD_LIBRARIES = YES;
				CODE_SIGN_STYLE = Automatic;
				DEVELOPMENT_TEAM = 6773KY856S;
				INFOPLIST_FILE = starteriosUITests/Info.plist;
				LD_RUNPATH_SEARCH_PATHS = (
					"$(inherited)",
					"@executable_path/Frameworks",
					"@loader_path/Frameworks",
				);
				PRODUCT_BUNDLE_IDENTIFIER = com.tangentsolutions.starteriosUITests;
				PRODUCT_NAME = "$(TARGET_NAME)";
				SWIFT_VERSION = 5.0;
				TARGETED_DEVICE_FAMILY = "1,2";
				TEST_TARGET_NAME = starterios;
			};
			name = Release;
		};
/* End XCBuildConfiguration section */

/* Begin XCConfigurationList section */
		43AA05AD23A1EF6C000BC6B0 /* Build configuration list for PBXProject "starterios" */ = {
			isa = XCConfigurationList;
			buildConfigurations = (
				43AA05DD23A1EF6E000BC6B0 /* Debug */,
				43AA05DE23A1EF6E000BC6B0 /* Release */,
			);
			defaultConfigurationIsVisible = 0;
			defaultConfigurationName = Release;
		};
		43AA05DF23A1EF6E000BC6B0 /* Build configuration list for PBXNativeTarget "starterios" */ = {
			isa = XCConfigurationList;
			buildConfigurations = (
				43AA05E023A1EF6E000BC6B0 /* Debug */,
				43AA05E123A1EF6E000BC6B0 /* Release */,
			);
			defaultConfigurationIsVisible = 0;
			defaultConfigurationName = Release;
		};
		43AA05E223A1EF6E000BC6B0 /* Build configuration list for PBXNativeTarget "starteriosTests" */ = {
			isa = XCConfigurationList;
			buildConfigurations = (
				43AA05E323A1EF6E000BC6B0 /* Debug */,
				43AA05E423A1EF6E000BC6B0 /* Release */,
			);
			defaultConfigurationIsVisible = 0;
			defaultConfigurationName = Release;
		};
		43AA05E523A1EF6E000BC6B0 /* Build configuration list for PBXNativeTarget "starteriosUITests" */ = {
			isa = XCConfigurationList;
			buildConfigurations = (
				43AA05E623A1EF6E000BC6B0 /* Debug */,
				43AA05E723A1EF6E000BC6B0 /* Release */,
			);
			defaultConfigurationIsVisible = 0;
			defaultConfigurationName = Release;
		};
/* End XCConfigurationList section */

/* Begin XCVersionGroup section */
		43AA05B923A1EF6C000BC6B0 /* starterios.xcdatamodeld */ = {
			isa = XCVersionGroup;
			children = (
				43AA05BA23A1EF6C000BC6B0 /* starterios.xcdatamodel */,
			);
			currentVersion = 43AA05BA23A1EF6C000BC6B0 /* starterios.xcdatamodel */;
			path = starterios.xcdatamodeld;
			sourceTree = "<group>";
			versionGroupType = wrapper.xcdatamodel;
		};
/* End XCVersionGroup section */
	};
	rootObject = 43AA05AA23A1EF6C000BC6B0 /* Project object */;
}
